
Microsoft Visual Studio Solution File, Format Version 12.00
# Visual Studio Version 16
VisualStudioVersion = 16.0.30503.244
MinimumVisualStudioVersion = 10.0.40219.1
Project("{FAE04EC0-301F-11D3-BF4B-00C04F79EFBC}") = "ngay27112020", "ngay27112020.csproj", "{71E7458D-0597-4515-80D0-D584E0EEF1EF}"
EndProject
Global
	GlobalSection(SolutionConfigurationPlatforms) = preSolution
		Debug|Any CPU = Debug|Any CPU
		Release|Any CPU = Release|Any CPU
	EndGlobalSection
	GlobalSection(ProjectConfigurationPlatforms) = postSolution
		{71E7458D-0597-4515-80D0-D584E0EEF1EF}.Debug|Any CPU.ActiveCfg = Debug|Any CPU
		{71E7458D-0597-4515-80D0-D584E0EEF1EF}.Debug|Any CPU.Build.0 = Debug|Any CPU
		{71E7458D-0597-4515-80D0-D584E0EEF1EF}.Release|Any CPU.ActiveCfg = Release|Any CPU
		{71E7458D-0597-4515-80D0-D584E0EEF1EF}.Release|Any CPU.Build.0 = Release|Any CPU
	EndGlobalSection
	GlobalSection(SolutionProperties) = preSolution
		HideSolutionNode = FALSE
	EndGlobalSection
	GlobalSection(ExtensibilityGlobals) = postSolution
		SolutionGuid = {2C905F05-4CB1-40C1-AC59-FAD28D5DC815}
	EndGlobalSection
EndGlobal
